
Microsoft Visual Studio Solution File, Format Version 12.00
# Visual Studio Version 17
VisualStudioVersion = 17.9.34902.65
MinimumVisualStudioVersion = 10.0.40219.1
Project("{9A19103F-16F7-4668-BE54-9A1E7A4F7556}") = "SeleniumTest", "SeleniumTest\SeleniumTest.csproj", "{D13EE71A-1526-4901-8E77-AC93464D0E22}"
EndProject
Project("{9A19103F-16F7-4668-BE54-9A1E7A4F7556}") = "SeleniumTest_FB", "SeleniumTest_FB\SeleniumTest_FB.csproj", "{21B8109A-8B39-418C-B17A-A985E0FFBD2A}"
EndProject
Project("{9A19103F-16F7-4668-BE54-9A1E7A4F7556}") = "ExecuteAutomation1", "ExecuteAutomation1\ExecuteAutomation1.csproj", "{7E960C2B-FA05-48D4-A4E1-3E6B156561BC}"
EndProject
Project("{9A19103F-16F7-4668-BE54-9A1E7A4F7556}") = "ExecuteAutomation", "ExecuteAutomation\ExecuteAutomation.csproj", "{9F2A4EBB-090C-45C7-A65C-9EC455911336}"
EndProject
Project("{9A19103F-16F7-4668-BE54-9A1E7A4F7556}") = "ExecuteAutomation2", "ExecuteAutomation2\ExecuteAutomation2.csproj", "{C55C764F-B5AD-4CD9-8B1E-B89D5E5857B9}"
EndProject
Project("{9A19103F-16F7-4668-BE54-9A1E7A4F7556}") = "ExecuteAutomation4", "ExecuteAutomation4\ExecuteAutomation4.csproj", "{AF6780A8-CE31-47F7-8A4E-2A04A5BCA0C9}"
EndProject
Project("{9A19103F-16F7-4668-BE54-9A1E7A4F7556}") = "ExecuteAutomation3_1", "ExecuteAutomation3_1\ExecuteAutomation3_1.csproj", "{CFAEB58A-3706-4BA5-8DC2-D9B27C0B825E}"
EndProject
Project("{FAE04EC0-301F-11D3-BF4B-00C04F79EFBC}") = "ExecuteAutomation5", "ExecuteAutomation5\ExecuteAutomation5.csproj", "{461E56BA-FCE3-4B20-B084-B6845CC3F038}"
EndProject
Project("{FAE04EC0-301F-11D3-BF4B-00C04F79EFBC}") = "ExecuteAutomation6", "ExecuteAutomation6\ExecuteAutomation6.csproj", "{E5E91594-1B73-4AD9-A6B3-FC1591CF7346}"
EndProject
Project("{FAE04EC0-301F-11D3-BF4B-00C04F79EFBC}") = "ExecuteAutomation7", "ExecuteAutomation7\ExecuteAutomation7.csproj", "{A270BF99-C4DC-43EA-8D74-DFED55D79C79}"
EndProject
Project("{FAE04EC0-301F-11D3-BF4B-00C04F79EFBC}") = "ExecuteAutomation8", "ExecuteAutomation8\ExecuteAutomation8.csproj", "{6DC212C6-F0C8-4E5A-8EDA-6DC8DDC3A66D}"
EndProject
Global
	GlobalSection(SolutionConfigurationPlatforms) = preSolution
		Debug|Any CPU = Debug|Any CPU
		Release|Any CPU = Release|Any CPU
	EndGlobalSection
	GlobalSection(ProjectConfigurationPlatforms) = postSolution
		{D13EE71A-1526-4901-8E77-AC93464D0E22}.Debug|Any CPU.ActiveCfg = Debug|Any CPU
		{D13EE71A-1526-4901-8E77-AC93464D0E22}.Debug|Any CPU.Build.0 = Debug|Any CPU
		{D13EE71A-1526-4901-8E77-AC93464D0E22}.Release|Any CPU.ActiveCfg = Release|Any CPU
		{D13EE71A-1526-4901-8E77-AC93464D0E22}.Release|Any CPU.Build.0 = Release|Any CPU
		{21B8109A-8B39-418C-B17A-A985E0FFBD2A}.Debug|Any CPU.ActiveCfg = Debug|Any CPU
		{21B8109A-8B39-418C-B17A-A985E0FFBD2A}.Debug|Any CPU.Build.0 = Debug|Any CPU
		{21B8109A-8B39-418C-B17A-A985E0FFBD2A}.Release|Any CPU.ActiveCfg = Release|Any CPU
		{21B8109A-8B39-418C-B17A-A985E0FFBD2A}.Release|Any CPU.Build.0 = Release|Any CPU
		{7E960C2B-FA05-48D4-A4E1-3E6B156561BC}.Debug|Any CPU.ActiveCfg = Debug|Any CPU
		{7E960C2B-FA05-48D4-A4E1-3E6B156561BC}.Debug|Any CPU.Build.0 = Debug|Any CPU
		{7E960C2B-FA05-48D4-A4E1-3E6B156561BC}.Release|Any CPU.ActiveCfg = Release|Any CPU
		{7E960C2B-FA05-48D4-A4E1-3E6B156561BC}.Release|Any CPU.Build.0 = Release|Any CPU
		{9F2A4EBB-090C-45C7-A65C-9EC455911336}.Debug|Any CPU.ActiveCfg = Debug|Any CPU
		{9F2A4EBB-090C-45C7-A65C-9EC455911336}.Debug|Any CPU.Build.0 = Debug|Any CPU
		{9F2A4EBB-090C-45C7-A65C-9EC455911336}.Release|Any CPU.ActiveCfg = Release|Any CPU
		{9F2A4EBB-090C-45C7-A65C-9EC455911336}.Release|Any CPU.Build.0 = Release|Any CPU
		{C55C764F-B5AD-4CD9-8B1E-B89D5E5857B9}.Debug|Any CPU.ActiveCfg = Debug|Any CPU
		{C55C764F-B5AD-4CD9-8B1E-B89D5E5857B9}.Debug|Any CPU.Build.0 = Debug|Any CPU
		{C55C764F-B5AD-4CD9-8B1E-B89D5E5857B9}.Release|Any CPU.ActiveCfg = Release|Any CPU
		{C55C764F-B5AD-4CD9-8B1E-B89D5E5857B9}.Release|Any CPU.Build.0 = Release|Any CPU
		{AF6780A8-CE31-47F7-8A4E-2A04A5BCA0C9}.Debug|Any CPU.ActiveCfg = Debug|Any CPU
		{AF6780A8-CE31-47F7-8A4E-2A04A5BCA0C9}.Debug|Any CPU.Build.0 = Debug|Any CPU
		{AF6780A8-CE31-47F7-8A4E-2A04A5BCA0C9}.Release|Any CPU.ActiveCfg = Release|Any CPU
		{AF6780A8-CE31-47F7-8A4E-2A04A5BCA0C9}.Release|Any CPU.Build.0 = Release|Any CPU
		{CFAEB58A-3706-4BA5-8DC2-D9B27C0B825E}.Debug|Any CPU.ActiveCfg = Debug|Any CPU
		{CFAEB58A-3706-4BA5-8DC2-D9B27C0B825E}.Debug|Any CPU.Build.0 = Debug|Any CPU
		{CFAEB58A-3706-4BA5-8DC2-D9B27C0B825E}.Release|Any CPU.ActiveCfg = Release|Any CPU
		{CFAEB58A-3706-4BA5-8DC2-D9B27C0B825E}.Release|Any CPU.Build.0 = Release|Any CPU
		{461E56BA-FCE3-4B20-B084-B6845CC3F038}.Debug|Any CPU.ActiveCfg = Debug|Any CPU
		{461E56BA-FCE3-4B20-B084-B6845CC3F038}.Debug|Any CPU.Build.0 = Debug|Any CPU
		{461E56BA-FCE3-4B20-B084-B6845CC3F038}.Release|Any CPU.ActiveCfg = Release|Any CPU
		{461E56BA-FCE3-4B20-B084-B6845CC3F038}.Release|Any CPU.Build.0 = Release|Any CPU
		{E5E91594-1B73-4AD9-A6B3-FC1591CF7346}.Debug|Any CPU.ActiveCfg = Debug|Any CPU
		{E5E91594-1B73-4AD9-A6B3-FC1591CF7346}.Debug|Any CPU.Build.0 = Debug|Any CPU
		{E5E91594-1B73-4AD9-A6B3-FC1591CF7346}.Release|Any CPU.ActiveCfg = Release|Any CPU
		{E5E91594-1B73-4AD9-A6B3-FC1591CF7346}.Release|Any CPU.Build.0 = Release|Any CPU
		{A270BF99-C4DC-43EA-8D74-DFED55D79C79}.Debug|Any CPU.ActiveCfg = Debug|Any CPU
		{A270BF99-C4DC-43EA-8D74-DFED55D79C79}.Debug|Any CPU.Build.0 = Debug|Any CPU
		{A270BF99-C4DC-43EA-8D74-DFED55D79C79}.Release|Any CPU.ActiveCfg = Release|Any CPU
		{A270BF99-C4DC-43EA-8D74-DFED55D79C79}.Release|Any CPU.Build.0 = Release|Any CPU
		{6DC212C6-F0C8-4E5A-8EDA-6DC8DDC3A66D}.Debug|Any CPU.ActiveCfg = Debug|Any CPU
		{6DC212C6-F0C8-4E5A-8EDA-6DC8DDC3A66D}.Debug|Any CPU.Build.0 = Debug|Any CPU
		{6DC212C6-F0C8-4E5A-8EDA-6DC8DDC3A66D}.Release|Any CPU.ActiveCfg = Release|Any CPU
		{6DC212C6-F0C8-4E5A-8EDA-6DC8DDC3A66D}.Release|Any CPU.Build.0 = Release|Any CPU
	EndGlobalSection
	GlobalSection(SolutionProperties) = preSolution
		HideSolutionNode = FALSE
	EndGlobalSection
	GlobalSection(ExtensibilityGlobals) = postSolution
		SolutionGuid = {8A8E7C74-04C3-43E9-8498-D12BAB685BF7}
	EndGlobalSection
EndGlobal
