
Microsoft Visual Studio Solution File, Format Version 12.00
# Visual Studio Version 17
VisualStudioVersion = 17.9.34902.65
MinimumVisualStudioVersion = 10.0.40219.1
Project("{FAE04EC0-301F-11D3-BF4B-00C04F79EFBC}") = "TestApp", "TestApp\TestApp.csproj", "{B4564A66-E413-46D5-9D5D-227FD59496C7}"
EndProject
Global
	GlobalSection(SolutionConfigurationPlatforms) = preSolution
		Debug|Any CPU = Debug|Any CPU
		Release|Any CPU = Release|Any CPU
	EndGlobalSection
	GlobalSection(ProjectConfigurationPlatforms) = postSolution
		{B4564A66-E413-46D5-9D5D-227FD59496C7}.Debug|Any CPU.ActiveCfg = Debug|Any CPU
		{B4564A66-E413-46D5-9D5D-227FD59496C7}.Debug|Any CPU.Build.0 = Debug|Any CPU
		{B4564A66-E413-46D5-9D5D-227FD59496C7}.Release|Any CPU.ActiveCfg = Release|Any CPU
		{B4564A66-E413-46D5-9D5D-227FD59496C7}.Release|Any CPU.Build.0 = Release|Any CPU
	EndGlobalSection
	GlobalSection(SolutionProperties) = preSolution
		HideSolutionNode = FALSE
	EndGlobalSection
	GlobalSection(ExtensibilityGlobals) = postSolution
		SolutionGuid = {E34BEA86-261B-4229-8D3D-CA31B642DCF4}
	EndGlobalSection
EndGlobal
